
Microsoft Visual Studio Solution File, Format Version 12.00
# Visual Studio 15
VisualStudioVersion = 15.0.26403.7
MinimumVisualStudioVersion = 10.0.40219.1
Project("{2150E333-8FDC-42A3-9474-1A3956D46DE8}") = "src", "src", "{E7219BD9-2CEE-4D45-87DF-1E36A28FD3FB}"
EndProject
Project("{FAE04EC0-301F-11D3-BF4B-00C04F79EFBC}") = "Send", "Send\Send.csproj", "{38379605-CAF3-4D47-9712-633490E00762}"
EndProject
Project("{FAE04EC0-301F-11D3-BF4B-00C04F79EFBC}") = "Receive", "Receive\Receive.csproj", "{98F84788-8FF7-4327-9045-68FC23F0D9F2}"
EndProject
Project("{2150E333-8FDC-42A3-9474-1A3956D46DE8}") = "tests", "tests", "{256A2AF0-BAA3-4CD3-A828-94B8193A4C1D}"
EndProject
Global
	GlobalSection(SolutionConfigurationPlatforms) = preSolution
		Debug|Any CPU = Debug|Any CPU
		Release|Any CPU = Release|Any CPU
	EndGlobalSection
	GlobalSection(ProjectConfigurationPlatforms) = postSolution
		{38379605-CAF3-4D47-9712-633490E00762}.Debug|Any CPU.ActiveCfg = Debug|Any CPU
		{38379605-CAF3-4D47-9712-633490E00762}.Debug|Any CPU.Build.0 = Debug|Any CPU
		{38379605-CAF3-4D47-9712-633490E00762}.Release|Any CPU.ActiveCfg = Release|Any CPU
		{38379605-CAF3-4D47-9712-633490E00762}.Release|Any CPU.Build.0 = Release|Any CPU
		{98F84788-8FF7-4327-9045-68FC23F0D9F2}.Debug|Any CPU.ActiveCfg = Debug|Any CPU
		{98F84788-8FF7-4327-9045-68FC23F0D9F2}.Debug|Any CPU.Build.0 = Debug|Any CPU
		{98F84788-8FF7-4327-9045-68FC23F0D9F2}.Release|Any CPU.ActiveCfg = Release|Any CPU
		{98F84788-8FF7-4327-9045-68FC23F0D9F2}.Release|Any CPU.Build.0 = Release|Any CPU
	EndGlobalSection
	GlobalSection(SolutionProperties) = preSolution
		HideSolutionNode = FALSE
	EndGlobalSection
	GlobalSection(NestedProjects) = preSolution
		{38379605-CAF3-4D47-9712-633490E00762} = {E7219BD9-2CEE-4D45-87DF-1E36A28FD3FB}
		{98F84788-8FF7-4327-9045-68FC23F0D9F2} = {E7219BD9-2CEE-4D45-87DF-1E36A28FD3FB}
	EndGlobalSection
EndGlobal
